
Microsoft Visual Studio Solution File, Format Version 12.00
# Visual Studio 15
VisualStudioVersion = 15.0.26430.16
MinimumVisualStudioVersion = 10.0.40219.1
Project("{FAE04EC0-301F-11D3-BF4B-00C04F79EFBC}") = "GitHub", "GitHub\GitHub.csproj", "{BD20E201-7D93-4F16-ACD3-37C9108B69EB}"
EndProject
Global
	GlobalSection(SolutionConfigurationPlatforms) = preSolution
		Debug|Any CPU = Debug|Any CPU
		Release|Any CPU = Release|Any CPU
	EndGlobalSection
	GlobalSection(ProjectConfigurationPlatforms) = postSolution
		{BD20E201-7D93-4F16-ACD3-37C9108B69EB}.Debug|Any CPU.ActiveCfg = Debug|Any CPU
		{BD20E201-7D93-4F16-ACD3-37C9108B69EB}.Debug|Any CPU.Build.0 = Debug|Any CPU
		{BD20E201-7D93-4F16-ACD3-37C9108B69EB}.Release|Any CPU.ActiveCfg = Release|Any CPU
		{BD20E201-7D93-4F16-ACD3-37C9108B69EB}.Release|Any CPU.Build.0 = Release|Any CPU
	EndGlobalSection
	GlobalSection(SolutionProperties) = preSolution
		HideSolutionNode = FALSE
	EndGlobalSection
EndGlobal
